
Microsoft Visual Studio Solution File, Format Version 12.00
# Visual Studio Version 16
VisualStudioVersion = 16.0.31402.337
MinimumVisualStudioVersion = 10.0.40219.1
Project("{9A19103F-16F7-4668-BE54-9A1E7A4F7556}") = "MGS_API", "MGS_API.csproj", "{78181432-2E12-4ACD-B91D-8F4CA0CB9AEB}"
EndProject
Global
	GlobalSection(SolutionConfigurationPlatforms) = preSolution
		Debug|Any CPU = Debug|Any CPU
		Release|Any CPU = Release|Any CPU
	EndGlobalSection
	GlobalSection(ProjectConfigurationPlatforms) = postSolution
		{78181432-2E12-4ACD-B91D-8F4CA0CB9AEB}.Debug|Any CPU.ActiveCfg = Debug|Any CPU
		{78181432-2E12-4ACD-B91D-8F4CA0CB9AEB}.Debug|Any CPU.Build.0 = Debug|Any CPU
		{78181432-2E12-4ACD-B91D-8F4CA0CB9AEB}.Release|Any CPU.ActiveCfg = Release|Any CPU
		{78181432-2E12-4ACD-B91D-8F4CA0CB9AEB}.Release|Any CPU.Build.0 = Release|Any CPU
	EndGlobalSection
	GlobalSection(SolutionProperties) = preSolution
		HideSolutionNode = FALSE
	EndGlobalSection
	GlobalSection(ExtensibilityGlobals) = postSolution
		SolutionGuid = {304AAFBA-F53D-4FB7-9353-09CF70379A34}
	EndGlobalSection
EndGlobal
